
Microsoft Visual Studio Solution File, Format Version 12.00
# Visual Studio Version 16
VisualStudioVersion = 16.0.31911.196
MinimumVisualStudioVersion = 10.0.40219.1
Project("{FAE04EC0-301F-11D3-BF4B-00C04F79EFBC}") = "logic", "logic\logic.csproj", "{0D0DDE5F-903C-4430-B3E8-89A08AF627DB}"
EndProject
Global
	GlobalSection(SolutionConfigurationPlatforms) = preSolution
		Debug|Any CPU = Debug|Any CPU
		Release|Any CPU = Release|Any CPU
	EndGlobalSection
	GlobalSection(ProjectConfigurationPlatforms) = postSolution
		{0D0DDE5F-903C-4430-B3E8-89A08AF627DB}.Debug|Any CPU.ActiveCfg = Debug|Any CPU
		{0D0DDE5F-903C-4430-B3E8-89A08AF627DB}.Debug|Any CPU.Build.0 = Debug|Any CPU
		{0D0DDE5F-903C-4430-B3E8-89A08AF627DB}.Release|Any CPU.ActiveCfg = Release|Any CPU
		{0D0DDE5F-903C-4430-B3E8-89A08AF627DB}.Release|Any CPU.Build.0 = Release|Any CPU
	EndGlobalSection
	GlobalSection(SolutionProperties) = preSolution
		HideSolutionNode = FALSE
	EndGlobalSection
	GlobalSection(ExtensibilityGlobals) = postSolution
		SolutionGuid = {4C82E091-93C0-426C-9357-79FE5BBB1995}
	EndGlobalSection
EndGlobal
